
Microsoft Visual Studio Solution File, Format Version 12.00
# Visual Studio Version 16
VisualStudioVersion = 16.0.31829.152
MinimumVisualStudioVersion = 10.0.40219.1
Project("{FAE04EC0-301F-11D3-BF4B-00C04F79EFBC}") = "InputValidationLibDN5", "InputValidationLibDN5\InputValidationLibDN5.csproj", "{3141B52F-1AFB-4647-B8E9-4887A11D11C3}"
EndProject
Global
	GlobalSection(SolutionConfigurationPlatforms) = preSolution
		Debug|Any CPU = Debug|Any CPU
		Release|Any CPU = Release|Any CPU
	EndGlobalSection
	GlobalSection(ProjectConfigurationPlatforms) = postSolution
		{3141B52F-1AFB-4647-B8E9-4887A11D11C3}.Debug|Any CPU.ActiveCfg = Debug|Any CPU
		{3141B52F-1AFB-4647-B8E9-4887A11D11C3}.Debug|Any CPU.Build.0 = Debug|Any CPU
		{3141B52F-1AFB-4647-B8E9-4887A11D11C3}.Release|Any CPU.ActiveCfg = Release|Any CPU
		{3141B52F-1AFB-4647-B8E9-4887A11D11C3}.Release|Any CPU.Build.0 = Release|Any CPU
	EndGlobalSection
	GlobalSection(SolutionProperties) = preSolution
		HideSolutionNode = FALSE
	EndGlobalSection
	GlobalSection(ExtensibilityGlobals) = postSolution
		SolutionGuid = {6F2F88F5-1412-4F72-ACED-D06E5780E2F7}
	EndGlobalSection
EndGlobal
